
Microsoft Visual Studio Solution File, Format Version 12.00
# Visual Studio Version 17
VisualStudioVersion = 17.4.33103.184
MinimumVisualStudioVersion = 10.0.40219.1
Project("{9A19103F-16F7-4668-BE54-9A1E7A4F7556}") = "Sparky", "Sparky\Sparky.csproj", "{55E47836-F04C-4AD9-A942-D5BEF6E3372F}"
EndProject
Project("{9A19103F-16F7-4668-BE54-9A1E7A4F7556}") = "SparkyMSTest", "SparkyMSTest\SparkyMSTest.csproj", "{252A9B29-BD22-4EE8-886D-99720434E9C9}"
EndProject
Project("{9A19103F-16F7-4668-BE54-9A1E7A4F7556}") = "SparkyNUnitTest", "SparkyNUnitTest\SparkyNUnitTest.csproj", "{3D84D63C-00F7-48CE-B618-D75699C6CEFC}"
EndProject
Project("{2150E333-8FDC-42A3-9474-1A3956D46DE8}") = "Basics", "Basics", "{7E3EFCE8-263F-44C9-B5E8-9E6F7C4088E6}"
EndProject
Project("{2150E333-8FDC-42A3-9474-1A3956D46DE8}") = "BongoWeb", "BongoWeb", "{6BA8043E-8C77-45B8-AFC5-40B377DC697F}"
EndProject
Project("{9A19103F-16F7-4668-BE54-9A1E7A4F7556}") = "Bongo.Core", "Bongo_InitialSetup (.NET 6)\Bongo.Core\Bongo.Core.csproj", "{32D9B093-14FE-4459-9A57-88DEFE9391BC}"
EndProject
Project("{9A19103F-16F7-4668-BE54-9A1E7A4F7556}") = "Bongo.DataAccess", "Bongo_InitialSetup (.NET 6)\Bongo.DataAccess\Bongo.DataAccess.csproj", "{D2576994-523C-4CD2-891E-5A278A89B750}"
EndProject
Project("{9A19103F-16F7-4668-BE54-9A1E7A4F7556}") = "Bongo.Models", "Bongo_InitialSetup (.NET 6)\Bongo.Models\Bongo.Models.csproj", "{415F4DD4-CFF2-430F-9F61-9F4F64E52A45}"
EndProject
Project("{9A19103F-16F7-4668-BE54-9A1E7A4F7556}") = "Bongo.Web", "Bongo_InitialSetup (.NET 6)\Bongo.Web\Bongo.Web.csproj", "{17CF45D6-A9A2-4FD7-A367-A2F36A5AFD54}"
EndProject
Project("{9A19103F-16F7-4668-BE54-9A1E7A4F7556}") = "Bongo.Models.Tests", "Bongo_InitialSetup (.NET 6)\Bongo.Models.Tests\Bongo.Models.Tests.csproj", "{335758D6-6474-46E5-A2F1-C96BA6E78B20}"
EndProject
Project("{9A19103F-16F7-4668-BE54-9A1E7A4F7556}") = "Bongo.DataAccess.Tests", "Bongo_InitialSetup (.NET 6)\Bongo.DataAccess.Tests\Bongo.DataAccess.Tests.csproj", "{6F04B470-B2F1-401B-A181-A492B4185C5B}"
EndProject
Project("{FAE04EC0-301F-11D3-BF4B-00C04F79EFBC}") = "Bongo.Core.Tests", "Bongo_InitialSetup (.NET 6)\Bongo.Core.Tests\Bongo.Core.Tests.csproj", "{780C1E2B-719B-4FEB-A8BC-B55517F605B1}"
EndProject
Project("{FAE04EC0-301F-11D3-BF4B-00C04F79EFBC}") = "Bongo.Web.Test", "Bongo.Web.Test\Bongo.Web.Test.csproj", "{CF7C9513-0191-4C5E-93DB-0DC59BD8C156}"
EndProject
Global
	GlobalSection(SolutionConfigurationPlatforms) = preSolution
		Debug|Any CPU = Debug|Any CPU
		Release|Any CPU = Release|Any CPU
	EndGlobalSection
	GlobalSection(ProjectConfigurationPlatforms) = postSolution
		{55E47836-F04C-4AD9-A942-D5BEF6E3372F}.Debug|Any CPU.ActiveCfg = Debug|Any CPU
		{55E47836-F04C-4AD9-A942-D5BEF6E3372F}.Debug|Any CPU.Build.0 = Debug|Any CPU
		{55E47836-F04C-4AD9-A942-D5BEF6E3372F}.Release|Any CPU.ActiveCfg = Release|Any CPU
		{55E47836-F04C-4AD9-A942-D5BEF6E3372F}.Release|Any CPU.Build.0 = Release|Any CPU
		{252A9B29-BD22-4EE8-886D-99720434E9C9}.Debug|Any CPU.ActiveCfg = Debug|Any CPU
		{252A9B29-BD22-4EE8-886D-99720434E9C9}.Debug|Any CPU.Build.0 = Debug|Any CPU
		{252A9B29-BD22-4EE8-886D-99720434E9C9}.Release|Any CPU.ActiveCfg = Release|Any CPU
		{252A9B29-BD22-4EE8-886D-99720434E9C9}.Release|Any CPU.Build.0 = Release|Any CPU
		{3D84D63C-00F7-48CE-B618-D75699C6CEFC}.Debug|Any CPU.ActiveCfg = Debug|Any CPU
		{3D84D63C-00F7-48CE-B618-D75699C6CEFC}.Debug|Any CPU.Build.0 = Debug|Any CPU
		{3D84D63C-00F7-48CE-B618-D75699C6CEFC}.Release|Any CPU.ActiveCfg = Release|Any CPU
		{3D84D63C-00F7-48CE-B618-D75699C6CEFC}.Release|Any CPU.Build.0 = Release|Any CPU
		{32D9B093-14FE-4459-9A57-88DEFE9391BC}.Debug|Any CPU.ActiveCfg = Debug|Any CPU
		{32D9B093-14FE-4459-9A57-88DEFE9391BC}.Debug|Any CPU.Build.0 = Debug|Any CPU
		{32D9B093-14FE-4459-9A57-88DEFE9391BC}.Release|Any CPU.ActiveCfg = Release|Any CPU
		{32D9B093-14FE-4459-9A57-88DEFE9391BC}.Release|Any CPU.Build.0 = Release|Any CPU
		{D2576994-523C-4CD2-891E-5A278A89B750}.Debug|Any CPU.ActiveCfg = Debug|Any CPU
		{D2576994-523C-4CD2-891E-5A278A89B750}.Debug|Any CPU.Build.0 = Debug|Any CPU
		{D2576994-523C-4CD2-891E-5A278A89B750}.Release|Any CPU.ActiveCfg = Release|Any CPU
		{D2576994-523C-4CD2-891E-5A278A89B750}.Release|Any CPU.Build.0 = Release|Any CPU
		{415F4DD4-CFF2-430F-9F61-9F4F64E52A45}.Debug|Any CPU.ActiveCfg = Debug|Any CPU
		{415F4DD4-CFF2-430F-9F61-9F4F64E52A45}.Debug|Any CPU.Build.0 = Debug|Any CPU
		{415F4DD4-CFF2-430F-9F61-9F4F64E52A45}.Release|Any CPU.ActiveCfg = Release|Any CPU
		{415F4DD4-CFF2-430F-9F61-9F4F64E52A45}.Release|Any CPU.Build.0 = Release|Any CPU
		{17CF45D6-A9A2-4FD7-A367-A2F36A5AFD54}.Debug|Any CPU.ActiveCfg = Debug|Any CPU
		{17CF45D6-A9A2-4FD7-A367-A2F36A5AFD54}.Debug|Any CPU.Build.0 = Debug|Any CPU
		{17CF45D6-A9A2-4FD7-A367-A2F36A5AFD54}.Release|Any CPU.ActiveCfg = Release|Any CPU
		{17CF45D6-A9A2-4FD7-A367-A2F36A5AFD54}.Release|Any CPU.Build.0 = Release|Any CPU
		{335758D6-6474-46E5-A2F1-C96BA6E78B20}.Debug|Any CPU.ActiveCfg = Debug|Any CPU
		{335758D6-6474-46E5-A2F1-C96BA6E78B20}.Debug|Any CPU.Build.0 = Debug|Any CPU
		{335758D6-6474-46E5-A2F1-C96BA6E78B20}.Release|Any CPU.ActiveCfg = Release|Any CPU
		{335758D6-6474-46E5-A2F1-C96BA6E78B20}.Release|Any CPU.Build.0 = Release|Any CPU
		{6F04B470-B2F1-401B-A181-A492B4185C5B}.Debug|Any CPU.ActiveCfg = Debug|Any CPU
		{6F04B470-B2F1-401B-A181-A492B4185C5B}.Debug|Any CPU.Build.0 = Debug|Any CPU
		{6F04B470-B2F1-401B-A181-A492B4185C5B}.Release|Any CPU.ActiveCfg = Release|Any CPU
		{6F04B470-B2F1-401B-A181-A492B4185C5B}.Release|Any CPU.Build.0 = Release|Any CPU
		{780C1E2B-719B-4FEB-A8BC-B55517F605B1}.Debug|Any CPU.ActiveCfg = Debug|Any CPU
		{780C1E2B-719B-4FEB-A8BC-B55517F605B1}.Debug|Any CPU.Build.0 = Debug|Any CPU
		{780C1E2B-719B-4FEB-A8BC-B55517F605B1}.Release|Any CPU.ActiveCfg = Release|Any CPU
		{780C1E2B-719B-4FEB-A8BC-B55517F605B1}.Release|Any CPU.Build.0 = Release|Any CPU
		{CF7C9513-0191-4C5E-93DB-0DC59BD8C156}.Debug|Any CPU.ActiveCfg = Debug|Any CPU
		{CF7C9513-0191-4C5E-93DB-0DC59BD8C156}.Debug|Any CPU.Build.0 = Debug|Any CPU
		{CF7C9513-0191-4C5E-93DB-0DC59BD8C156}.Release|Any CPU.ActiveCfg = Release|Any CPU
		{CF7C9513-0191-4C5E-93DB-0DC59BD8C156}.Release|Any CPU.Build.0 = Release|Any CPU
	EndGlobalSection
	GlobalSection(SolutionProperties) = preSolution
		HideSolutionNode = FALSE
	EndGlobalSection
	GlobalSection(NestedProjects) = preSolution
		{55E47836-F04C-4AD9-A942-D5BEF6E3372F} = {7E3EFCE8-263F-44C9-B5E8-9E6F7C4088E6}
		{252A9B29-BD22-4EE8-886D-99720434E9C9} = {7E3EFCE8-263F-44C9-B5E8-9E6F7C4088E6}
		{3D84D63C-00F7-48CE-B618-D75699C6CEFC} = {7E3EFCE8-263F-44C9-B5E8-9E6F7C4088E6}
		{32D9B093-14FE-4459-9A57-88DEFE9391BC} = {6BA8043E-8C77-45B8-AFC5-40B377DC697F}
		{D2576994-523C-4CD2-891E-5A278A89B750} = {6BA8043E-8C77-45B8-AFC5-40B377DC697F}
		{415F4DD4-CFF2-430F-9F61-9F4F64E52A45} = {6BA8043E-8C77-45B8-AFC5-40B377DC697F}
		{17CF45D6-A9A2-4FD7-A367-A2F36A5AFD54} = {6BA8043E-8C77-45B8-AFC5-40B377DC697F}
		{335758D6-6474-46E5-A2F1-C96BA6E78B20} = {6BA8043E-8C77-45B8-AFC5-40B377DC697F}
		{6F04B470-B2F1-401B-A181-A492B4185C5B} = {6BA8043E-8C77-45B8-AFC5-40B377DC697F}
		{780C1E2B-719B-4FEB-A8BC-B55517F605B1} = {6BA8043E-8C77-45B8-AFC5-40B377DC697F}
		{CF7C9513-0191-4C5E-93DB-0DC59BD8C156} = {6BA8043E-8C77-45B8-AFC5-40B377DC697F}
	EndGlobalSection
	GlobalSection(ExtensibilityGlobals) = postSolution
		SolutionGuid = {BE59AC5A-BF4C-4758-AA80-49AEE1039DE2}
	EndGlobalSection
EndGlobal
