
Microsoft Visual Studio Solution File, Format Version 12.00
# Visual Studio Version 17
VisualStudioVersion = 17.4.33103.184
MinimumVisualStudioVersion = 10.0.40219.1
Project("{FAE04EC0-301F-11D3-BF4B-00C04F79EFBC}") = "Sparky", "Sparky\Sparky.csproj", "{55E47836-F04C-4AD9-A942-D5BEF6E3372F}"
EndProject
Project("{FAE04EC0-301F-11D3-BF4B-00C04F79EFBC}") = "SparkyMSTest", "SparkyMSTest\SparkyMSTest.csproj", "{252A9B29-BD22-4EE8-886D-99720434E9C9}"
EndProject
Project("{FAE04EC0-301F-11D3-BF4B-00C04F79EFBC}") = "SparkyNUnitTest", "SparkyNUnitTest\SparkyNUnitTest.csproj", "{3D84D63C-00F7-48CE-B618-D75699C6CEFC}"
EndProject
Global
	GlobalSection(SolutionConfigurationPlatforms) = preSolution
		Debug|Any CPU = Debug|Any CPU
		Release|Any CPU = Release|Any CPU
	EndGlobalSection
	GlobalSection(ProjectConfigurationPlatforms) = postSolution
		{55E47836-F04C-4AD9-A942-D5BEF6E3372F}.Debug|Any CPU.ActiveCfg = Debug|Any CPU
		{55E47836-F04C-4AD9-A942-D5BEF6E3372F}.Debug|Any CPU.Build.0 = Debug|Any CPU
		{55E47836-F04C-4AD9-A942-D5BEF6E3372F}.Release|Any CPU.ActiveCfg = Release|Any CPU
		{55E47836-F04C-4AD9-A942-D5BEF6E3372F}.Release|Any CPU.Build.0 = Release|Any CPU
		{252A9B29-BD22-4EE8-886D-99720434E9C9}.Debug|Any CPU.ActiveCfg = Debug|Any CPU
		{252A9B29-BD22-4EE8-886D-99720434E9C9}.Debug|Any CPU.Build.0 = Debug|Any CPU
		{252A9B29-BD22-4EE8-886D-99720434E9C9}.Release|Any CPU.ActiveCfg = Release|Any CPU
		{252A9B29-BD22-4EE8-886D-99720434E9C9}.Release|Any CPU.Build.0 = Release|Any CPU
		{3D84D63C-00F7-48CE-B618-D75699C6CEFC}.Debug|Any CPU.ActiveCfg = Debug|Any CPU
		{3D84D63C-00F7-48CE-B618-D75699C6CEFC}.Debug|Any CPU.Build.0 = Debug|Any CPU
		{3D84D63C-00F7-48CE-B618-D75699C6CEFC}.Release|Any CPU.ActiveCfg = Release|Any CPU
		{3D84D63C-00F7-48CE-B618-D75699C6CEFC}.Release|Any CPU.Build.0 = Release|Any CPU
	EndGlobalSection
	GlobalSection(SolutionProperties) = preSolution
		HideSolutionNode = FALSE
	EndGlobalSection
	GlobalSection(ExtensibilityGlobals) = postSolution
		SolutionGuid = {BE59AC5A-BF4C-4758-AA80-49AEE1039DE2}
	EndGlobalSection
EndGlobal
